
Microsoft Visual Studio Solution File, Format Version 11.00
# Visual Studio 2010
Project("{FAE04EC0-301F-11D3-BF4B-00C04F79EFBC}") = "WooriLogReader", "WooriLogReader\WooriLogReader.csproj", "{D3870FF9-0C54-4F4C-8C01-2474B043B46B}"
EndProject
Project("{FAE04EC0-301F-11D3-BF4B-00C04F79EFBC}") = "DemoFlowLayout", "..\DemoFlowLayout\DemoFlowLayout.csproj", "{79827DD3-7D27-43B4-B761-C497E73CBE1B}"
EndProject
Global
	GlobalSection(SolutionConfigurationPlatforms) = preSolution
		Debug|Any CPU = Debug|Any CPU
		Debug|Mixed Platforms = Debug|Mixed Platforms
		Debug|x86 = Debug|x86
		Release|Any CPU = Release|Any CPU
		Release|Mixed Platforms = Release|Mixed Platforms
		Release|x86 = Release|x86
	EndGlobalSection
	GlobalSection(ProjectConfigurationPlatforms) = postSolution
		{D3870FF9-0C54-4F4C-8C01-2474B043B46B}.Debug|Any CPU.ActiveCfg = Debug|x86
		{D3870FF9-0C54-4F4C-8C01-2474B043B46B}.Debug|Mixed Platforms.ActiveCfg = Debug|x86
		{D3870FF9-0C54-4F4C-8C01-2474B043B46B}.Debug|Mixed Platforms.Build.0 = Debug|x86
		{D3870FF9-0C54-4F4C-8C01-2474B043B46B}.Debug|x86.ActiveCfg = Debug|x86
		{D3870FF9-0C54-4F4C-8C01-2474B043B46B}.Debug|x86.Build.0 = Debug|x86
		{D3870FF9-0C54-4F4C-8C01-2474B043B46B}.Release|Any CPU.ActiveCfg = Release|x86
		{D3870FF9-0C54-4F4C-8C01-2474B043B46B}.Release|Mixed Platforms.ActiveCfg = Release|x86
		{D3870FF9-0C54-4F4C-8C01-2474B043B46B}.Release|Mixed Platforms.Build.0 = Release|x86
		{D3870FF9-0C54-4F4C-8C01-2474B043B46B}.Release|x86.ActiveCfg = Release|x86
		{D3870FF9-0C54-4F4C-8C01-2474B043B46B}.Release|x86.Build.0 = Release|x86
		{79827DD3-7D27-43B4-B761-C497E73CBE1B}.Debug|Any CPU.ActiveCfg = Debug|Any CPU
		{79827DD3-7D27-43B4-B761-C497E73CBE1B}.Debug|Any CPU.Build.0 = Debug|Any CPU
		{79827DD3-7D27-43B4-B761-C497E73CBE1B}.Debug|Mixed Platforms.ActiveCfg = Debug|Any CPU
		{79827DD3-7D27-43B4-B761-C497E73CBE1B}.Debug|Mixed Platforms.Build.0 = Debug|Any CPU
		{79827DD3-7D27-43B4-B761-C497E73CBE1B}.Debug|x86.ActiveCfg = Debug|x86
		{79827DD3-7D27-43B4-B761-C497E73CBE1B}.Debug|x86.Build.0 = Debug|x86
		{79827DD3-7D27-43B4-B761-C497E73CBE1B}.Release|Any CPU.ActiveCfg = Release|Any CPU
		{79827DD3-7D27-43B4-B761-C497E73CBE1B}.Release|Any CPU.Build.0 = Release|Any CPU
		{79827DD3-7D27-43B4-B761-C497E73CBE1B}.Release|Mixed Platforms.ActiveCfg = Release|Any CPU
		{79827DD3-7D27-43B4-B761-C497E73CBE1B}.Release|Mixed Platforms.Build.0 = Release|Any CPU
		{79827DD3-7D27-43B4-B761-C497E73CBE1B}.Release|x86.ActiveCfg = Release|Any CPU
	EndGlobalSection
	GlobalSection(SolutionProperties) = preSolution
		HideSolutionNode = FALSE
	EndGlobalSection
EndGlobal
