
Microsoft Visual Studio Solution File, Format Version 11.00
# Visual Studio 2010
Project("{FAE04EC0-301F-11D3-BF4B-00C04F79EFBC}") = "FileHatchery", "FileHatchery\FileHatchery.csproj", "{CF71E0D7-D887-4C9F-91BC-E70B8226378B}"
EndProject
Project("{FAE04EC0-301F-11D3-BF4B-00C04F79EFBC}") = "ShellLib", "ShellBasics\ShellLib.csproj", "{B748E75E-AFF9-4FEA-8581-7F04AD5DA539}"
EndProject
Project("{FAE04EC0-301F-11D3-BF4B-00C04F79EFBC}") = "Testing", "Testing\Testing.csproj", "{971B25B6-29C4-40D2-9D86-723ACB405751}"
	ProjectSection(ProjectDependencies) = postProject
		{CF71E0D7-D887-4C9F-91BC-E70B8226378B} = {CF71E0D7-D887-4C9F-91BC-E70B8226378B}
	EndProjectSection
EndProject
Project("{2150E333-8FDC-42A3-9474-1A3956D46DE8}") = "새로개발중", "새로개발중", "{2633B068-C04C-43EC-BF09-D34E401B538C}"
EndProject
Global
	GlobalSection(SolutionConfigurationPlatforms) = preSolution
		Debug|Any CPU = Debug|Any CPU
		Debug|Mixed Platforms = Debug|Mixed Platforms
		Debug|x86 = Debug|x86
		Release|Any CPU = Release|Any CPU
		Release|Mixed Platforms = Release|Mixed Platforms
		Release|x86 = Release|x86
	EndGlobalSection
	GlobalSection(ProjectConfigurationPlatforms) = postSolution
		{CF71E0D7-D887-4C9F-91BC-E70B8226378B}.Debug|Any CPU.ActiveCfg = Debug|Any CPU
		{CF71E0D7-D887-4C9F-91BC-E70B8226378B}.Debug|Any CPU.Build.0 = Debug|Any CPU
		{CF71E0D7-D887-4C9F-91BC-E70B8226378B}.Debug|Mixed Platforms.ActiveCfg = Debug|Any CPU
		{CF71E0D7-D887-4C9F-91BC-E70B8226378B}.Debug|Mixed Platforms.Build.0 = Debug|Any CPU
		{CF71E0D7-D887-4C9F-91BC-E70B8226378B}.Debug|x86.ActiveCfg = Debug|Any CPU
		{CF71E0D7-D887-4C9F-91BC-E70B8226378B}.Release|Any CPU.ActiveCfg = Release|Any CPU
		{CF71E0D7-D887-4C9F-91BC-E70B8226378B}.Release|Any CPU.Build.0 = Release|Any CPU
		{CF71E0D7-D887-4C9F-91BC-E70B8226378B}.Release|Mixed Platforms.ActiveCfg = Release|Any CPU
		{CF71E0D7-D887-4C9F-91BC-E70B8226378B}.Release|Mixed Platforms.Build.0 = Release|Any CPU
		{CF71E0D7-D887-4C9F-91BC-E70B8226378B}.Release|x86.ActiveCfg = Release|Any CPU
		{B748E75E-AFF9-4FEA-8581-7F04AD5DA539}.Debug|Any CPU.ActiveCfg = Debug|Any CPU
		{B748E75E-AFF9-4FEA-8581-7F04AD5DA539}.Debug|Any CPU.Build.0 = Debug|Any CPU
		{B748E75E-AFF9-4FEA-8581-7F04AD5DA539}.Debug|Mixed Platforms.ActiveCfg = Debug|Any CPU
		{B748E75E-AFF9-4FEA-8581-7F04AD5DA539}.Debug|Mixed Platforms.Build.0 = Debug|Any CPU
		{B748E75E-AFF9-4FEA-8581-7F04AD5DA539}.Debug|x86.ActiveCfg = Debug|Any CPU
		{B748E75E-AFF9-4FEA-8581-7F04AD5DA539}.Release|Any CPU.ActiveCfg = Release|Any CPU
		{B748E75E-AFF9-4FEA-8581-7F04AD5DA539}.Release|Any CPU.Build.0 = Release|Any CPU
		{B748E75E-AFF9-4FEA-8581-7F04AD5DA539}.Release|Mixed Platforms.ActiveCfg = Release|Any CPU
		{B748E75E-AFF9-4FEA-8581-7F04AD5DA539}.Release|Mixed Platforms.Build.0 = Release|Any CPU
		{B748E75E-AFF9-4FEA-8581-7F04AD5DA539}.Release|x86.ActiveCfg = Release|Any CPU
		{971B25B6-29C4-40D2-9D86-723ACB405751}.Debug|Any CPU.ActiveCfg = Debug|Any CPU
		{971B25B6-29C4-40D2-9D86-723ACB405751}.Debug|Any CPU.Build.0 = Debug|Any CPU
		{971B25B6-29C4-40D2-9D86-723ACB405751}.Debug|Mixed Platforms.ActiveCfg = Debug|Any CPU
		{971B25B6-29C4-40D2-9D86-723ACB405751}.Debug|Mixed Platforms.Build.0 = Debug|Any CPU
		{971B25B6-29C4-40D2-9D86-723ACB405751}.Debug|x86.ActiveCfg = Debug|Any CPU
		{971B25B6-29C4-40D2-9D86-723ACB405751}.Release|Any CPU.ActiveCfg = Release|Any CPU
		{971B25B6-29C4-40D2-9D86-723ACB405751}.Release|Any CPU.Build.0 = Release|Any CPU
		{971B25B6-29C4-40D2-9D86-723ACB405751}.Release|Mixed Platforms.ActiveCfg = Release|Any CPU
		{971B25B6-29C4-40D2-9D86-723ACB405751}.Release|Mixed Platforms.Build.0 = Release|Any CPU
		{971B25B6-29C4-40D2-9D86-723ACB405751}.Release|x86.ActiveCfg = Release|Any CPU
	EndGlobalSection
	GlobalSection(SolutionProperties) = preSolution
		HideSolutionNode = FALSE
	EndGlobalSection
	GlobalSection(MercurialSourceControlSolutionProperties) = preSolution
		SolutionIsControlled = True
		SolutionBindings = <Solution Location In Database>
	EndGlobalSection
EndGlobal
